
Microsoft Visual Studio Solution File, Format Version 12.00
# Visual Studio 15
VisualStudioVersion = 15.0.28010.2041
MinimumVisualStudioVersion = 10.0.40219.1
Project("{9092AA53-FB77-4645-B42D-1CCCA6BD08BD}") = "lambda_demo", "lambda_demo\lambda_demo.njsproj", "{93A99353-34B5-47FA-87C9-63D274E18909}"
EndProject
Project("{9092AA53-FB77-4645-B42D-1CCCA6BD08BD}") = "ski_game", "ski_game\ski_game.njsproj", "{4FDAFDB9-3142-4ADF-A591-CBB5B19AA33F}"
EndProject
Global
	GlobalSection(SolutionConfigurationPlatforms) = preSolution
		Debug|Any CPU = Debug|Any CPU
		Release|Any CPU = Release|Any CPU
	EndGlobalSection
	GlobalSection(ProjectConfigurationPlatforms) = postSolution
		{93A99353-34B5-47FA-87C9-63D274E18909}.Debug|Any CPU.ActiveCfg = Debug|Any CPU
		{93A99353-34B5-47FA-87C9-63D274E18909}.Debug|Any CPU.Build.0 = Debug|Any CPU
		{93A99353-34B5-47FA-87C9-63D274E18909}.Release|Any CPU.ActiveCfg = Release|Any CPU
		{93A99353-34B5-47FA-87C9-63D274E18909}.Release|Any CPU.Build.0 = Release|Any CPU
		{4FDAFDB9-3142-4ADF-A591-CBB5B19AA33F}.Debug|Any CPU.ActiveCfg = Debug|Any CPU
		{4FDAFDB9-3142-4ADF-A591-CBB5B19AA33F}.Debug|Any CPU.Build.0 = Debug|Any CPU
		{4FDAFDB9-3142-4ADF-A591-CBB5B19AA33F}.Release|Any CPU.ActiveCfg = Release|Any CPU
		{4FDAFDB9-3142-4ADF-A591-CBB5B19AA33F}.Release|Any CPU.Build.0 = Release|Any CPU
	EndGlobalSection
	GlobalSection(SolutionProperties) = preSolution
		HideSolutionNode = FALSE
	EndGlobalSection
	GlobalSection(ExtensibilityGlobals) = postSolution
		SolutionGuid = {65A446A8-334F-4A17-B876-070D909C8800}
	EndGlobalSection
EndGlobal
